# THIS IS AN AUTOGENERATED FILE. DO NOT EDIT THIS FILE DIRECTLY.
# yarn lockfile v1


"@types/axios@^0.14.0":
  version "0.14.0"
  resolved "https://registry.yarnpkg.com/@types/axios/-/axios-0.14.0.tgz#ec2300fbe7d7dddd7eb9d3abf87999964cafce46"
  integrity sha1-7CMA++fX3d1+udOr+HmZlkyvzkY=
  dependencies:
    axios "*"

"@types/lodash@^4.14.119":
  version "4.14.119"
  resolved "https://registry.yarnpkg.com/@types/lodash/-/lodash-4.14.119.tgz#be847e5f4bc3e35e46d041c394ead8b603ad8b39"
  integrity sha512-Z3TNyBL8Vd/M9D9Ms2S3LmFq2sSMzahodD6rCS9V2N44HUMINb75jNkSuwAx7eo2ufqTdfOdtGQpNbieUjPQmw==

"@types/node@*":
  version "9.6.5"
  resolved "https://registry.yarnpkg.com/@types/node/-/node-9.6.5.tgz#ee700810fdf49ac1c399fc5980b7559b3e5a381d"

"@types/node@^10.12.18":
  version "10.12.18"
  resolved "https://registry.yarnpkg.com/@types/node/-/node-10.12.18.tgz#1d3ca764718915584fcd9f6344621b7672665c67"
  integrity sha512-fh+pAqt4xRzPfqA6eh3Z2y6fyZavRIumvjhaCL753+TVkGKGhpPeyrJG2JftD0T9q4GF00KjefsQ+PQNDdWQaQ==

"@types/ssh2-streams@*":
  version "0.1.4"
  resolved "https://registry.yarnpkg.com/@types/ssh2-streams/-/ssh2-streams-0.1.4.tgz#d4ce610c5e03a4710ae90a1dba82f1eea4d386bf"
  integrity sha512-S4CXFWMnzoEqeX3MSCMAzfYLiMNOyEh0mPXZbaIZWyjFefZAC1mzVj0kIJNMM88LQ3LaVZLbm09GVLJAMpiwbw==
  dependencies:
    "@types/node" "*"

"@types/ssh2@^0.5.37":
  version "0.5.37"
  resolved "https://registry.yarnpkg.com/@types/ssh2/-/ssh2-0.5.37.tgz#59bdcce094925cf70f505f11c5ba0eb2f34843f7"
  integrity sha512-f6vjGBEgiH8rqJOVIoKU++Kf1U+BoDkCR6JjYB7MZISTdaK9ZfsF/rgPlLCQjTiKhT7ApUgiLfHYEIitexdIVA==
  dependencies:
    "@types/node" "*"
    "@types/ssh2-streams" "*"

"@types/uuid@^3.4.4":
  version "3.4.4"
  resolved "https://registry.yarnpkg.com/@types/uuid/-/uuid-3.4.4.tgz#7af69360fa65ef0decb41fd150bf4ca5c0cefdf5"
  integrity sha512-tPIgT0GUmdJQNSHxp0X2jnpQfBSTfGxUMc/2CXBU2mnyTFVYVa2ojpoQ74w0U2yn2vw3jnC640+77lkFFpdVDw==
  dependencies:
    "@types/node" "*"

asn1@~0.2.0:
  version "0.2.3"
  resolved "https://registry.yarnpkg.com/asn1/-/asn1-0.2.3.tgz#dac8787713c9966849fc8180777ebe9c1ddf3b86"

axios@*, axios@^0.18.0:
  version "0.18.0"
  resolved "https://registry.yarnpkg.com/axios/-/axios-0.18.0.tgz#32d53e4851efdc0a11993b6cd000789d70c05102"
  integrity sha1-MtU+SFHv3AoRmTts0AB4nXDAUQI=
  dependencies:
    follow-redirects "^1.3.0"
    is-buffer "^1.1.5"

bcrypt-pbkdf@^1.0.2:
  version "1.0.2"
  resolved "https://registry.yarnpkg.com/bcrypt-pbkdf/-/bcrypt-pbkdf-1.0.2.tgz#a4301d389b6a43f9b67ff3ca11a3f6637e360e9e"
  integrity sha1-pDAdOJtqQ/m2f/PKEaP2Y342Dp4=
  dependencies:
    tweetnacl "^0.14.3"

bluebird@^3.5.1:
  version "3.5.3"
  resolved "https://registry.yarnpkg.com/bluebird/-/bluebird-3.5.3.tgz#7d01c6f9616c9a51ab0f8c549a79dfe6ec33efa7"
  integrity sha512-/qKPUQlaW1OyR51WeCPBvRnAlnZFUJkCSG5HzGnuIqhgyJtF+T94lFnn33eiazjRm2LAHVy2guNnaq48X9SJuw==

csvtojson@^2.0.8:
  version "2.0.8"
  resolved "https://registry.yarnpkg.com/csvtojson/-/csvtojson-2.0.8.tgz#d889f19576b2b33ead235490d2e5c9791481e8d3"
  integrity sha512-DC6YFtsJiA7t/Yz+KjzT6GXuKtU/5gRbbl7HJqvDVVir+dxdw2/1EgwfgJdnsvUT7lOnON5DvGftKuYWX1nMOQ==
  dependencies:
    bluebird "^3.5.1"
    lodash "^4.17.3"
    strip-bom "^2.0.0"

debug@=3.1.0:
  version "3.1.0"
  resolved "https://registry.yarnpkg.com/debug/-/debug-3.1.0.tgz#5bb5a0672628b64149566ba16819e61518c67261"
  integrity sha512-OX8XqP7/1a9cqkxYw2yXss15f26NKWBpDXQd0/uK/KPqdQhxbPa994hnzjcE2VqQpDslf55723cKPUOGSmMY3g==
  dependencies:
    ms "2.0.0"

follow-redirects@^1.3.0:
  version "1.6.1"
  resolved "https://registry.yarnpkg.com/follow-redirects/-/follow-redirects-1.6.1.tgz#514973c44b5757368bad8bddfe52f81f015c94cb"
  integrity sha512-t2JCjbzxQpWvbhts3l6SH1DKzSrx8a+SsaVf4h6bG4kOXUuPYS/kg2Lr4gQSb7eemaHqJkOThF1BGyjlUkO1GQ==
  dependencies:
    debug "=3.1.0"

is-buffer@^1.1.5:
  version "1.1.6"
  resolved "https://registry.yarnpkg.com/is-buffer/-/is-buffer-1.1.6.tgz#efaa2ea9daa0d7ab2ea13a97b2b8ad51fefbe8be"
  integrity sha512-NcdALwpXkTm5Zvvbk7owOUSvVvBKDgKP5/ewfXEznmQFfs4ZRmanOeKBTjRVjka3QFoN6XJ+9F3USqfHqTaU5w==

is-utf8@^0.2.0:
  version "0.2.1"
  resolved "https://registry.yarnpkg.com/is-utf8/-/is-utf8-0.2.1.tgz#4b0da1442104d1b336340e80797e865cf39f7d72"
  integrity sha1-Sw2hRCEE0bM2NA6AeX6GXPOffXI=

lodash@^4.17.11, lodash@^4.17.3:
  version "4.17.11"
  resolved "https://registry.yarnpkg.com/lodash/-/lodash-4.17.11.tgz#b39ea6229ef607ecd89e2c8df12536891cac9b8d"
  integrity sha512-cQKh8igo5QUhZ7lg38DYWAxMvjSAKG0A8wGSVimP07SIUEK2UO+arSRKbRZWtelMtN5V0Hkwh5ryOto/SshYIg==

ms@2.0.0:
  version "2.0.0"
  resolved "https://registry.yarnpkg.com/ms/-/ms-2.0.0.tgz#5608aeadfc00be6c2901df5f9861788de0d597c8"
  integrity sha1-VgiurfwAvmwpAd9fmGF4jeDVl8g=

ssh2-streams@~0.3.0:
  version "0.3.0"
  resolved "https://registry.yarnpkg.com/ssh2-streams/-/ssh2-streams-0.3.0.tgz#63ebd0975149059f10bc5ed1323dff925d630dfc"
  integrity sha512-vaxTvWy+GL/uc0ImdHj3+fMcG7ezw+ldhoXC91zj8vAQS0y9tmRcKOkLC/eW8yyWse9dxenRUq/yLD7NHTmacA==
  dependencies:
    asn1 "~0.2.0"
    bcrypt-pbkdf "^1.0.2"
    streamsearch "~0.1.2"

ssh2@^0.7.0:
  version "0.7.0"
  resolved "https://registry.yarnpkg.com/ssh2/-/ssh2-0.7.0.tgz#f91bf702bce8d48d82e4ea81eb3269498c98501c"
  integrity sha512-1K1kEhsc/lhDVrnyHR3kpuR5DO+aE5Ql/xCqtgrpxNS7lexkvnzz4VPWDGPCIDEmTc6Vla3s3d9wzJ81ofMVoA==
  dependencies:
    ssh2-streams "~0.3.0"

streamsearch@~0.1.2:
  version "0.1.2"
  resolved "https://registry.yarnpkg.com/streamsearch/-/streamsearch-0.1.2.tgz#808b9d0e56fc273d809ba57338e929919a1a9f1a"

strip-bom@^2.0.0:
  version "2.0.0"
  resolved "https://registry.yarnpkg.com/strip-bom/-/strip-bom-2.0.0.tgz#6219a85616520491f35788bdbf1447a99c7e6b0e"
  integrity sha1-YhmoVhZSBJHzV4i9vxRHqZx+aw4=
  dependencies:
    is-utf8 "^0.2.0"

tweetnacl@^0.14.3:
  version "0.14.5"
  resolved "https://registry.yarnpkg.com/tweetnacl/-/tweetnacl-0.14.5.tgz#5ae68177f192d4456269d108afa93ff8743f4f64"
  integrity sha1-WuaBd/GS1EViadEIr6k/+HQ/T2Q=

typescript@^3.2.2:
  version "3.2.2"
  resolved "https://registry.yarnpkg.com/typescript/-/typescript-3.2.2.tgz#fe8101c46aa123f8353523ebdcf5730c2ae493e5"
  integrity sha512-VCj5UiSyHBjwfYacmDuc/NOk4QQixbE+Wn7MFJuS0nRuPQbof132Pw4u53dm264O8LPc2MVsc7RJNml5szurkg==

uuid@^3.3.2:
  version "3.3.2"
  resolved "https://registry.yarnpkg.com/uuid/-/uuid-3.3.2.tgz#1b4af4955eb3077c501c23872fc6513811587131"
  integrity sha512-yXJmeNaw3DnnKAOKJE51sL/ZaYfWJRl1pK9dr19YFCu0ObS231AB1/LbqTKRAQ5kw8A90rA6fr4riOUpTZvQZA==
